Microsoft Visual Studio Solution File, Format Version 12.00
# Visual Studio Version 17
VisualStudioVersion = 17.5.2.0
MinimumVisualStudioVersion = 10.0.40219.1
Project("{FAE04EC0-301F-11D3-BF4B-00C04F79EFBC}") = "FinanceApp", "FinanceApp.csproj", "{BD3A935F-625A-6F9F-52E0-D20B2E7D5D1E}"
EndProject
Global
	GlobalSection(SolutionConfigurationPlatforms) = preSolution
		Debug|Any CPU = Debug|Any CPU
		Release|Any CPU = Release|Any CPU
	EndGlobalSection
	GlobalSection(ProjectConfigurationPlatforms) = postSolution
		{BD3A935F-625A-6F9F-52E0-D20B2E7D5D1E}.Debug|Any CPU.ActiveCfg = Debug|Any CPU
		{BD3A935F-625A-6F9F-52E0-D20B2E7D5D1E}.Debug|Any CPU.Build.0 = Debug|Any CPU
		{BD3A935F-625A-6F9F-52E0-D20B2E7D5D1E}.Release|Any CPU.ActiveCfg = Release|Any CPU
		{BD3A935F-625A-6F9F-52E0-D20B2E7D5D1E}.Release|Any CPU.Build.0 = Release|Any CPU
	EndGlobalSection
	GlobalSection(SolutionProperties) = preSolution
		HideSolutionNode = FALSE
	EndGlobalSection
	GlobalSection(ExtensibilityGlobals) = postSolution
		SolutionGuid = {264E2A8D-5529-455B-9C0D-B0F262BE99B9}
	EndGlobalSection
EndGlobal
