
Microsoft Visual Studio Solution File, Format Version 12.00
# Visual Studio Version 17
VisualStudioVersion = 17.14.36401.2 d17.14
MinimumVisualStudioVersion = 10.0.40219.1
Project("{FAE04EC0-301F-11D3-BF4B-00C04F79EFBC}") = "FinanceApp", "FinanceApp.csproj", "{EC1A1BA2-FA88-4F0B-B253-69CA4E4C3F7C}"
EndProject
Global
	GlobalSection(SolutionConfigurationPlatforms) = preSolution
		Debug|Any CPU = Debug|Any CPU
		Release|Any CPU = Release|Any CPU
	EndGlobalSection
	GlobalSection(ProjectConfigurationPlatforms) = postSolution
		{EC1A1BA2-FA88-4F0B-B253-69CA4E4C3F7C}.Debug|Any CPU.ActiveCfg = Debug|Any CPU
		{EC1A1BA2-FA88-4F0B-B253-69CA4E4C3F7C}.Debug|Any CPU.Build.0 = Debug|Any CPU
		{EC1A1BA2-FA88-4F0B-B253-69CA4E4C3F7C}.Release|Any CPU.ActiveCfg = Release|Any CPU
		{EC1A1BA2-FA88-4F0B-B253-69CA4E4C3F7C}.Release|Any CPU.Build.0 = Release|Any CPU
	EndGlobalSection
	GlobalSection(SolutionProperties) = preSolution
		HideSolutionNode = FALSE
	EndGlobalSection
	GlobalSection(ExtensibilityGlobals) = postSolution
		SolutionGuid = {7E3CF275-29EA-4FF8-A2CF-8AFADCF45D5A}
	EndGlobalSection
EndGlobal
